<?xml version="1.0" encoding="UTF-8" standalone="yes" ?>
<CodeBlocks_project_file>
    <FileVersion major="1" minor="6" />
    <Project>
        <Option title="SDK_flash" />
        <Option pch_mode="2" />
        <Option compiler="pi32_lto_compiler_without_libc" />
        <Build>
            <Target title="Release">
                <Option output="download/ac691x/post_build/flash/ac691x.exe" prefix_auto="0" extension_auto="0" />
                <Option object_output="obj/Release/" />
                <Option type="1" />
                <Option compiler="pi32_lto_compiler_without_libc" />
                <Compiler>
                    <Add option="-Wall" />
                    <Add option="-Wno-unused-function" />
                    <Add option="-Wno-unused-const-variable" />
                    <Add option="-DNOFLOAT" />
                    <Add option="-DHAVE_MALLOC" />
                    <Add option="-DFLASH_MODE" />
                    <Add directory="../include_lib" />
                    <Add directory="../include_lib/cpu" />
                    <Add directory="../include_lib/cpu/ac691x" />
                    <Add directory="../include_lib/power_manage" />
                    <Add directory="../include_lib/mcpwm" />
                    <Add directory="../include_lib/rtc" />
                    <Add directory="../include_lib/common" />
                    <Add directory="../include_lib/dev_mg" />
                    <Add directory="../include_lib/sdmmc" />
                    <Add directory="../include_lib/aec" />
                    <Add directory="../include_lib/dec" />
                    <Add directory="../include_lib/vm" />
                    <Add directory="../include_lib/fs" />
                    <Add directory="include/ac691x_cfg" />
                    <Add directory="include/bluetooth" />
                    <Add directory="include" />
                    <Add directory="include/common" />
                    <Add directory="include/common/music_player" />
                    <Add directory="include/common/file_operate" />
                    <Add directory="include/common/fs" />
                    <Add directory="include/cpu" />
                    <Add directory="include/cpu/ac691x" />
                    <Add directory="include/cpu/ac691x/audio" />
                    <Add directory="include/cpu/ac691x/power" />
                    <Add directory="include/cpu/ac691x/key_drv" />
                    <Add directory="include/cpu/ac691x/led" />
                    <Add directory="include/cpu/ac691x/nv_mem" />
                    <Add directory="include/cpu/ac691x/iic" />
                    <Add directory="task_manager" />
                    <Add directory="task_manager/task_bt" />
                    <Add directory="task_manager/task_idle" />
                    <Add directory="task_manager/task_music" />
                    <Add directory="include/cpu/ac691x_cfg" />
                    <Add directory="task_manager/task_linein" />
                    <Add directory="../include_lib/usb" />
                    <Add directory="include/common/pc_device" />
                    <Add directory="task_manager/task_pc" />
                    <Add directory="task_manager/task_rec" />
                    <Add directory="../include_lib/encode" />
                    <Add directory="include/common/record" />
                </Compiler>
                <Linker>
                    <Add option="--output-version-info download/ac691x/post_build/flash/ver.bin" />
                    <Add option="--plugin-opt=-inline-normal-into-special-section=true" />
                    <Add option="-T./download/ac691x/post_build/flash/sdk.ld.out" />
                    <Add option="-M=./download/ac691x/post_build/flash/sdk.map" />
                    <Add option="--start-group" />
                    <Add option="../include_lib/bluetooth_lib.a" />
                    <Add option="../include_lib/rtc_lib.a" />
                    <Add option="../include_lib/power_manage_lib.a" />
                    <Add option="../include_lib/periphy_lib.a" />
                    <Add option="../include_lib/aec_lib.a" />
                    <Add option="../include_lib/audio_lib.a" />
                    <Add option="../include_lib/dev_mg_lib.a" />
                    <Add option="../include_lib/fs_lib.a" />
                    <Add option="../include_lib/sdmmc_lib.a" />
                    <Add option="../include_lib/usb_lib.a" />
                    <Add option="../include_lib/flash_lib.a" />
                    <Add option="../include_lib/dec/mp3_dec_lib.a" />
                    <Add option="../include_lib/dec/wav_dec_lib.a 		" />
                    <Add option="../include_lib/encode/lib_adpcm_encode.a" />
                    <Add option="../include_lib/encode/lib_mp2_encode.a" />
                    <Add option="../include_lib/encode_lib.a" />
                    <Add option="--end-group" />
                    <Add option="../include_lib/usb/lib_usb_syn.a" />
                    <Add option="../include_lib/usb/lib_usb_syn.a" />
                </Linker>
                <ExtraCommands>
                    <Add before="C:\JL\dv10\bin\dv10-elf-cpp.exe -P -DENTRY_LIST=download\ac691x\post_build\libs_stubs.ld download\ac691x\post_build\flash\sdk.ld download\ac691x\post_build\flash\sdk.ld.out" />
                    <Add after="download\ac691x\post_build\flash\download_cbp.bat pi32_lto ac691x" />
                    <Mode after="always" />
                </ExtraCommands>
            </Target>
        </Build>
        <Compiler>
            <Add directory="./" />
        </Compiler>
        <Unit filename="task_manager/task_linein/task_linein.h" />
        <Unit filename="task_manager/task_linein/task_linein_key.h" />
        <Unit filename="task_manager/task_pc/task_pc_key.h" />
        <Unit filename="task_manager/task_pc/task_pc.h" />
        <Unit filename="task_manager/task_rec/task_rec_key.h" />
        <Unit filename="task_manager/task_rec/task_rec.h" />
        <Unit filename="task_manager/task_idle/task_idle_key.h" />
        <Unit filename="task_manager/task_idle/task_idle.h" />
        <Unit filename="task_manager/task_bt/task_bt.h" />
        <Unit filename="task_manager/task_bt/task_bt_key.h" />
        <Unit filename="task_manager/task_common.h" />
        <Unit filename="task_manager/task_manager.h" />
        <Unit filename="task_manager/task_music/task_music_key.h" />
        <Unit filename="task_manager/task_music/task_music.h" />
        <Unit filename="include/bluetooth/audio_improve_main.h" />
        <Unit filename="include/bluetooth/a2dp_sync.h" />
        <Unit filename="include/bluetooth/aec_main.h" />
        <Unit filename="include/bluetooth/a2dp_decode.h" />
        <Unit filename="include/bluetooth/bt_trunk_main.h" />
        <Unit filename="include/bluetooth/aec_user.h" />
        <Unit filename="include/bluetooth/fcc_test.h" />
        <Unit filename="include/compress.h" />
        <Unit filename="include/common/res_file.h" />
        <Unit filename="include/common/sys_cfg.h" />
        <Unit filename="include/common/includes.h" />
        <Unit filename="include/common/record/rec_play.h" />
        <Unit filename="include/common/record/rec_file_op.h" />
        <Unit filename="include/common/record/rec_api.h" />
        <Unit filename="include/common/music_player/music_decoder.h" />
        <Unit filename="include/common/music_player/music_player.h" />
        <Unit filename="include/common/music_player/music_decoder_config.h" />
        <Unit filename="include/common/fs/fs.h" />
        <Unit filename="include/common/file_operate/file_op_err.h" />
        <Unit filename="include/common/file_operate/file_io.h" />
        <Unit filename="include/common/file_operate/file_op.h" />
        <Unit filename="include/common/file_operate/file_operate.h" />
        <Unit filename="include/common/pmu.h" />
        <Unit filename="include/common/msg.h" />
        <Unit filename="include/common/pc_device/card_reader_io.h" />
        <Unit filename="include/common/pc_device/dev_pc.h" />
        <Unit filename="include/common/dev_manage.h" />
        <Unit filename="include/ac691x_cfg/ac6919c_cfg.h" />
        <Unit filename="include/ac691x_cfg/ac691x_sdk_cfg.h" />
        <Unit filename="include/ac691x_cfg/ac6917a_cfg.h" />
        <Unit filename="include/ac691x_cfg/ac6918a_cfg.h" />
        <Unit filename="include/ac691x_cfg/ac6916d_cfg.h" />
        <Unit filename="include/ac691x_cfg/ac6919a_cfg.h" />
        <Unit filename="include/ac691x_cfg/ac6910_cfg.h" />
        <Unit filename="include/cpu/ac691x/iis/wm8978.h" />
        <Unit filename="include/cpu/ac691x/iis/dac2iis.h" />
        <Unit filename="include/cpu/ac691x/clock.h" />
        <Unit filename="include/cpu/ac691x/board_init.h" />
        <Unit filename="include/cpu/ac691x/nv_mem/nv_mem.h" />
        <Unit filename="include/cpu/ac691x/wdt.h" />
        <Unit filename="include/cpu/ac691x/updata.h" />
        <Unit filename="include/cpu/ac691x/update.h" />
        <Unit filename="include/cpu/ac691x/sys_detect.h" />
        <Unit filename="include/cpu/ac691x/irq.h" />
        <Unit filename="include/cpu/ac691x/output_channel.h" />
        <Unit filename="include/cpu/ac691x/timer.h" />
        <Unit filename="include/cpu/ac691x/iic/iic_hw.h" />
        <Unit filename="include/cpu/ac691x/iic/iic.h" />
        <Unit filename="include/cpu/ac691x/adc_api.h" />
        <Unit filename="include/cpu/ac691x/power/power.h" />
        <Unit filename="include/cpu/ac691x/power/charge.h" />
        <Unit filename="include/cpu/ac691x/led/led.h" />
        <Unit filename="include/cpu/ac691x/key_drv/key_drv_io.h" />
        <Unit filename="include/cpu/ac691x/key_drv/key_drv_tch.h" />
        <Unit filename="include/cpu/ac691x/key_drv/key_drv_ad.h" />
        <Unit filename="include/cpu/ac691x/key_drv/key.h" />
        <Unit filename="include/cpu/ac691x/key_drv/key_drv_ir.h" />
        <Unit filename="include/cpu/ac691x/key_drv/key_drv_uart.h" />
        <Unit filename="include/cpu/ac691x/key_drv/key_voice.h" />
        <Unit filename="include/cpu/ac691x/audio/ladc.h" />
        <Unit filename="include/cpu/ac691x/audio/eq.h" />
        <Unit filename="include/cpu/ac691x/audio/sin_tab.h" />
        <Unit filename="include/cpu/ac691x/audio/pdm_link.h" />
        <Unit filename="include/cpu/ac691x/audio/tone.h" />
        <Unit filename="include/cpu/ac691x/audio/alink.h" />
        <Unit filename="include/cpu/ac691x/audio/src.h" />
        <Unit filename="include/cpu/ac691x/audio/dac.h" />
        <Unit filename="include/cpu/ac691x/memory_api.h" />
        <Unit filename="include/sdk_cfg.h" />
        <Unit filename="../include_lib/dec/warning_tone.h" />
        <Unit filename="../include_lib/dec/sup_dec_op.h" />
        <Unit filename="../include_lib/dec/music_api.h" />
        <Unit filename="../include_lib/dec/decoder_phy.h" />
        <Unit filename="../include_lib/dec/if_decoder_ctrl.h" />
        <Unit filename="../include_lib/aec/aec.h" />
        <Unit filename="../include_lib/aec/loss_packets_repair.h" />
        <Unit filename="../include_lib/aec/AnalogAGC.h" />
        <Unit filename="../include_lib/aec/sync_out.h" />
        <Unit filename="../include_lib/rtc/rtc_api.h" />
        <Unit filename="../include_lib/peripherals/winbond_flash.h" />
        <Unit filename="../include_lib/sdmmc/sd_host_api.h" />
        <Unit filename="../include_lib/bluetooth/avctp_user.h" />
        <Unit filename="../include_lib/bluetooth/bluetooth_api.h" />
        <Unit filename="../include_lib/bluetooth/bt_led.h" />
        <Unit filename="../include_lib/usb/usb_device_status.h" />
        <Unit filename="../include_lib/usb/usb_slave_sd.h" />
        <Unit filename="../include_lib/usb/usb_slave_reg.h" />
        <Unit filename="../include_lib/usb/usb_scsi.h" />
        <Unit filename="../include_lib/usb/usb_host_reg.h" />
        <Unit filename="../include_lib/usb/usb_host_scsi.h" />
        <Unit filename="../include_lib/usb/usb_syn_api.h" />
        <Unit filename="../include_lib/usb/usb_host_api.h" />
        <Unit filename="../include_lib/usb/usb_slave_internal_api.h" />
        <Unit filename="../include_lib/usb/usb_slave_ctl.h" />
        <Unit filename="../include_lib/usb/Descriptor.h" />
        <Unit filename="../include_lib/usb/usb_global_var.h" />
        <Unit filename="../include_lib/usb/usb_status.h" />
        <Unit filename="../include_lib/usb/usb_slave_api.h" />
        <Unit filename="../include_lib/usb/usb_host_internal_api.h" />
        <Unit filename="../include_lib/usb/usb_host_ctl.h" />
        <Unit filename="../include_lib/usb/usb_slave_scsi.h" />
        <Unit filename="../include_lib/power_manage/power_manage_api.h" />
        <Unit filename="../include_lib/common/fcvt.h" />
        <Unit filename="../include_lib/common/sys_timer.h" />
        <Unit filename="../include_lib/common/flash_cfg.h" />
        <Unit filename="../include_lib/common/include_sdk.h" />
        <Unit filename="../include_lib/common/jiffies.h" />
        <Unit filename="../include_lib/common/list.h" />
        <Unit filename="../include_lib/common/mask_tone.h" />
        <Unit filename="../include_lib/common/ASCII_lib.h" />
        <Unit filename="../include_lib/common/flash_api.h" />
        <Unit filename="../include_lib/common/common.h" />
        <Unit filename="../include_lib/common/quicklz.h" />
        <Unit filename="../include_lib/common/app_cfg.h" />
        <Unit filename="../include_lib/common/error.h" />
        <Unit filename="../include_lib/common/printf.h" />
        <Unit filename="../include_lib/common/errno-base.h" />
        <Unit filename="../include_lib/cbuf/circular_buf.h" />
        <Unit filename="../include_lib/asm_type.h" />
        <Unit filename="../include_lib/fs/fs_io.h" />
        <Unit filename="../include_lib/fs/fat_io.h" />
        <Unit filename="../include_lib/fs/sydf/syd_file.h" />
        <Unit filename="../include_lib/fs/fat/ff_api.h" />
        <Unit filename="../include_lib/fs/fat/tff.h" />
        <Unit filename="../include_lib/fs/syd_io.h" />
        <Unit filename="../include_lib/cpu/ac691x/typedef.h" />
        <Unit filename="../include_lib/cpu/ac691x/sfr.h" />
        <Unit filename="../include_lib/cpu/ac691x/rotate_dec.h" />
        <Unit filename="../include_lib/cpu/ac691x/clock_interface.h" />
        <Unit filename="../include_lib/cpu/ac691x/hw_cpu.h" />
        <Unit filename="../include_lib/cpu/ac691x/cpu.h" />
        <Unit filename="../include_lib/cpu/ac691x/fft_drv.h" />
        <Unit filename="../include_lib/cpu/ac691x/icache_interface.h" />
        <Unit filename="../include_lib/cpu/ac691x/uart_param.h" />
        <Unit filename="../include_lib/cpu/ac691x/uart.h" />
        <Unit filename="../include_lib/cpu/ac691x/rf_test_uart.h" />
        <Unit filename="../include_lib/cpu/io_param.h" />
        <Unit filename="../include_lib/cpu/crc_api.h" />
        <Unit filename="../include_lib/cpu/audio_param.h" />
        <Unit filename="../include_lib/cpu/rand64.h" />
        <Unit filename="../include_lib/cpu/clock_api.h" />
        <Unit filename="../include_lib/cpu/irq_api.h" />
        <Unit filename="../include_lib/cpu/io_api.h" />
        <Unit filename="../include_lib/dev_mg/dev_usb.h" />
        <Unit filename="../include_lib/dev_mg/dev_sd.h" />
        <Unit filename="../include_lib/dev_mg/ioctl.h" />
        <Unit filename="../include_lib/dev_mg/mbr.h" />
        <Unit filename="../include_lib/dev_mg/dev_cache.h" />
        <Unit filename="../include_lib/dev_mg/dev_mg_api.h" />
        <Unit filename="../include_lib/mcpwm/mcpwm_api.h" />
        <Unit filename="../include_lib/audio/ladc_api.h" />
        <Unit filename="../include_lib/audio/linein_api.h" />
        <Unit filename="../include_lib/audio/dac_api.h" />
        <Unit filename="../include_lib/audio/eq_api.h" />
        <Unit filename="../include_lib/audio/dac_cpu.h" />
        <Unit filename="../include_lib/audio/audio_link.h" />
        <Unit filename="../include_lib/audio/src_api.h" />
        <Unit filename="../include_lib/encode/encode.h" />
        <Unit filename="../include_lib/encode/audio_enc_api.h" />
        <Unit filename="cpu/ac691x/version.S" />
        <Unit filename="btstack/trunk/fcc_test.c" >
            <Option compilerVar="CC" />
        </Unit>
        <Unit filename="btstack/trunk/bt_trunk_main.c" >
            <Option compilerVar="CC" />
        </Unit>
        <Unit filename="btstack/trunk/aec_main.c" >
            <Option compilerVar="CC" />
        </Unit>
        <Unit filename="btstack/trunk/audio_improve_main.c" >
            <Option compilerVar="CC" />
        </Unit>
        <Unit filename="btstack/trunk/a2dp_sync.c" >
            <Option compilerVar="CC" />
        </Unit>
        <Unit filename="btstack/user/bt_configs_user.c" >
            <Option compilerVar="CC" />
        </Unit>
        <Unit filename="btstack/user/aec_user.c" >
            <Option compilerVar="CC" />
        </Unit>
        <Unit filename="btstack/user/a2dp_decode.c" >
            <Option compilerVar="CC" />
        </Unit>
        <Unit filename="cpu/ac691x/clock.c" >
            <Option compilerVar="CC" />
        </Unit>
        <Unit filename="cpu/ac691x/board_init.c" >
            <Option compilerVar="CC" />
        </Unit>
        <Unit filename="cpu/ac691x/wdt.c" >
            <Option compilerVar="CC" />
        </Unit>
        <Unit filename="cpu/ac691x/irq.c" >
            <Option compilerVar="CC" />
        </Unit>
        <Unit filename="cpu/ac691x/timer.c" >
            <Option compilerVar="CC" />
        </Unit>
        <Unit filename="cpu/ac691x/updata.c" >
            <Option compilerVar="CC" />
        </Unit>
        <Unit filename="cpu/ac691x/rotate_dec.c" >
            <Option compilerVar="CC" />
        </Unit>
        <Unit filename="cpu/ac691x/key_drv/key.c" >
            <Option compilerVar="CC" />
        </Unit>
        <Unit filename="cpu/ac691x/key_drv/key_drv_io.c" >
            <Option compilerVar="CC" />
        </Unit>
        <Unit filename="cpu/ac691x/key_drv/key_drv_ad_rtcvdd.c" >
            <Option compilerVar="CC" />
        </Unit>
        <Unit filename="cpu/ac691x/key_drv/key_drv_ad_vddio.c" >
            <Option compilerVar="CC" />
        </Unit>
        <Unit filename="cpu/ac691x/key_drv/key_drv_ir.c" >
            <Option compilerVar="CC" />
        </Unit>
        <Unit filename="cpu/ac691x/key_drv/key_drv_tch.c" >
            <Option compilerVar="CC" />
        </Unit>
        <Unit filename="cpu/ac691x/key_drv/key_drv_uart.c" >
            <Option compilerVar="CC" />
        </Unit>
        <Unit filename="cpu/ac691x/board/board.c" >
            <Option compilerVar="CC" />
        </Unit>
        <Unit filename="cpu/ac691x/uart/uart.c" >
            <Option compilerVar="CC" />
        </Unit>
        <Unit filename="cpu/ac691x/power/power.c" >
            <Option compilerVar="CC" />
        </Unit>
        <Unit filename="cpu/ac691x/power/charge.c" >
            <Option compilerVar="CC" />
        </Unit>
        <Unit filename="cpu/ac691x/adc_api.c" >
            <Option compilerVar="CC" />
        </Unit>
        <Unit filename="cpu/ac691x/audio/dac.c" >
            <Option compilerVar="CC" />
        </Unit>
        <Unit filename="cpu/ac691x/audio/ladc.c" >
            <Option compilerVar="CC" />
        </Unit>
        <Unit filename="cpu/ac691x/audio/tone.c" >
            <Option compilerVar="CC" />
        </Unit>
        <Unit filename="cpu/ac691x/audio/eq.c" >
            <Option compilerVar="CC" />
        </Unit>
        <Unit filename="cpu/ac691x/audio/src.c" >
            <Option compilerVar="CC" />
        </Unit>
        <Unit filename="cpu/ac691x/audio/sin_tab.c" >
            <Option compilerVar="CC" />
        </Unit>
        <Unit filename="cpu/ac691x/nv_mem/nv_mem.c" >
            <Option compilerVar="CC" />
        </Unit>
        <Unit filename="cpu/ac691x/led/led.c" >
            <Option compilerVar="CC" />
        </Unit>
        <Unit filename="cpu/ac691x/iic/iic_hw.c" >
            <Option compilerVar="CC" />
        </Unit>
        <Unit filename="cpu/ac691x/iic/iic.c" >
            <Option compilerVar="CC" />
        </Unit>
        <Unit filename="cpu/ac691x/memory_api.c" >
            <Option compilerVar="CC" />
        </Unit>
        <Unit filename="common/common.c" >
            <Option compilerVar="CC" />
        </Unit>
        <Unit filename="common/msg.c" >
            <Option compilerVar="CC" />
        </Unit>
        <Unit filename="common/file_operate/file_operate.c" >
            <Option compilerVar="CC" />
        </Unit>
        <Unit filename="common/file_operate/file_io.c" >
            <Option compilerVar="CC" />
        </Unit>
        <Unit filename="common/fs/fs.c" >
            <Option compilerVar="CC" />
        </Unit>
        <Unit filename="common/dev_manage.c" >
            <Option compilerVar="CC" />
        </Unit>
        <Unit filename="common/compress.c" >
            <Option compilerVar="CC" />
        </Unit>
        <Unit filename="common/flash_api.c" >
            <Option compilerVar="CC" />
        </Unit>
        <Unit filename="common/sys_cfg.c" >
            <Option compilerVar="CC" />
        </Unit>
        <Unit filename="common/music_player/music_decoder.c" >
            <Option compilerVar="CC" />
        </Unit>
        <Unit filename="common/music_player/music_player.c" >
            <Option compilerVar="CC" />
        </Unit>
        <Unit filename="common/music_player/music_decoder_config.c" >
            <Option compilerVar="CC" />
        </Unit>
        <Unit filename="common/music_player/warning_tone.c" >
            <Option compilerVar="CC" />
        </Unit>
        <Unit filename="task_manager/task_common.c" >
            <Option compilerVar="CC" />
        </Unit>
        <Unit filename="task_manager/task_manager.c" >
            <Option compilerVar="CC" />
        </Unit>
        <Unit filename="task_manager/task_bt/task_bt.c" >
            <Option compilerVar="CC" />
        </Unit>
        <Unit filename="task_manager/task_bt/task_bt_key.c" >
            <Option compilerVar="CC" />
        </Unit>
        <Unit filename="task_manager/task_idle/task_idle.c" >
            <Option compilerVar="CC" />
        </Unit>
        <Unit filename="task_manager/task_idle/task_idle_key.c" >
            <Option compilerVar="CC" />
        </Unit>
        <Unit filename="task_manager/task_music/task_music.c" >
            <Option compilerVar="CC" />
        </Unit>
        <Unit filename="task_manager/task_music/task_music_key.c" >
            <Option compilerVar="CC" />
        </Unit>
        <Unit filename="task_manager/task_linein/task_linein.c" >
            <Option compilerVar="CC" />
        </Unit>
        <Unit filename="task_manager/task_linein/task_linein_key.c" >
            <Option compilerVar="CC" />
        </Unit>
        <Unit filename="task_manager/task_pc/task_pc.c" >
            <Option compilerVar="CC" />
        </Unit>
        <Unit filename="task_manager/task_pc/task_pc_key.c" >
            <Option compilerVar="CC" />
        </Unit>
        <Unit filename="common/pc_device/dev_pc.c" >
            <Option compilerVar="CC" />
        </Unit>
        <Unit filename="common/pc_device/card_reader_io.c" >
            <Option compilerVar="CC" />
        </Unit>
        <Unit filename="task_manager/task_rec/task_rec.c" >
            <Option compilerVar="CC" />
        </Unit>
        <Unit filename="task_manager/task_rec/task_rec_key.c" >
            <Option compilerVar="CC" />
        </Unit>
        <Unit filename="common/record/rec_file_op.c" >
            <Option compilerVar="CC" />
        </Unit>
        <Unit filename="common/record/rec_api.c" >
            <Option compilerVar="CC" />
        </Unit>
        <Unit filename="common/record/rec_input.c" >
            <Option compilerVar="CC" />
        </Unit>
        <Unit filename="common/record/rec_output.c" >
            <Option compilerVar="CC" />
        </Unit>
        <Unit filename="common/record/rec_play.c" >
            <Option compilerVar="CC" />
        </Unit>
        <Extensions>
            <code_completion />
            <envvars />
        </Extensions>
    </Project>
</CodeBlocks_project_file>
